
Microsoft Visual Studio Solution File, Format Version 12.00
# Visual Studio Version 17
VisualStudioVersion = 17.5.002.0
MinimumVisualStudioVersion = 10.0.40219.1
Project("{9A19103F-16F7-4668-BE54-9A1E7A4F7556}") = "AddressBook", "AddressBook.csproj", "{6381D5C3-842F-4FDD-8EC8-5E5718F91D30}"
EndProject
Global
	GlobalSection(SolutionConfigurationPlatforms) = preSolution
		Debug|Any CPU = Debug|Any CPU
		Release|Any CPU = Release|Any CPU
	EndGlobalSection
	GlobalSection(ProjectConfigurationPlatforms) = postSolution
		{6381D5C3-842F-4FDD-8EC8-5E5718F91D30}.Debug|Any CPU.ActiveCfg = Debug|Any CPU
		{6381D5C3-842F-4FDD-8EC8-5E5718F91D30}.Debug|Any CPU.Build.0 = Debug|Any CPU
		{6381D5C3-842F-4FDD-8EC8-5E5718F91D30}.Release|Any CPU.ActiveCfg = Release|Any CPU
		{6381D5C3-842F-4FDD-8EC8-5E5718F91D30}.Release|Any CPU.Build.0 = Release|Any CPU
	EndGlobalSection
	GlobalSection(SolutionProperties) = preSolution
		HideSolutionNode = FALSE
	EndGlobalSection
	GlobalSection(ExtensibilityGlobals) = postSolution
		SolutionGuid = {8E3F62DA-1A13-4119-B6AF-98BB2CD25579}
	EndGlobalSection
EndGlobal
